
Microsoft Visual Studio Solution File, Format Version 12.00
# Visual Studio Version 16
VisualStudioVersion = 16.0.29306.81
MinimumVisualStudioVersion = 10.0.40219.1
Project("{FAE04EC0-301F-11D3-BF4B-00C04F79EFBC}") = "Skaiciuotuvas", "Skaiciuotuvas.csproj", "{0172E54A-19D8-412F-A4D3-FDCBA8AFE0A2}"
EndProject
Global
	GlobalSection(SolutionConfigurationPlatforms) = preSolution
		Debug|Any CPU = Debug|Any CPU
		Release|Any CPU = Release|Any CPU
	EndGlobalSection
	GlobalSection(ProjectConfigurationPlatforms) = postSolution
		{0172E54A-19D8-412F-A4D3-FDCBA8AFE0A2}.Debug|Any CPU.ActiveCfg = Debug|Any CPU
		{0172E54A-19D8-412F-A4D3-FDCBA8AFE0A2}.Debug|Any CPU.Build.0 = Debug|Any CPU
		{0172E54A-19D8-412F-A4D3-FDCBA8AFE0A2}.Release|Any CPU.ActiveCfg = Release|Any CPU
		{0172E54A-19D8-412F-A4D3-FDCBA8AFE0A2}.Release|Any CPU.Build.0 = Release|Any CPU
	EndGlobalSection
	GlobalSection(SolutionProperties) = preSolution
		HideSolutionNode = FALSE
	EndGlobalSection
	GlobalSection(ExtensibilityGlobals) = postSolution
		SolutionGuid = {8059B16B-A65E-4064-870D-E42A7752DA28}
	EndGlobalSection
EndGlobal
